
Microsoft Visual Studio Solution File, Format Version 12.00
# Visual Studio Version 16
VisualStudioVersion = 16.0.31025.194
MinimumVisualStudioVersion = 10.0.40219.1
Project("{9A19103F-16F7-4668-BE54-9A1E7A4F7556}") = "nuke", "nuke\nuke.csproj", "{7D876551-794C-4588-8734-8873F291EF82}"
EndProject
Project("{9A19103F-16F7-4668-BE54-9A1E7A4F7556}") = "FL.Variant", "FL.Variant\FL.Variant.csproj", "{5292990E-D169-4818-BB08-C26DA4E4DA4F}"
EndProject
Project("{9A19103F-16F7-4668-BE54-9A1E7A4F7556}") = "FL.Variant.Generator", "FL.Variant.Generator\FL.Variant.Generator.csproj", "{84FA1D18-C089-4D62-B6DB-623F7F60598E}"
EndProject
Project("{9A19103F-16F7-4668-BE54-9A1E7A4F7556}") = "FL.Variant.Debug", "FL.Variant.Debug\FL.Variant.Debug.csproj", "{11BF60A8-9335-4DD1-BEE6-0A0B68545904}"
EndProject
Global
	GlobalSection(SolutionConfigurationPlatforms) = preSolution
		Debug|Any CPU = Debug|Any CPU
		Release|Any CPU = Release|Any CPU
	EndGlobalSection
	GlobalSection(ProjectConfigurationPlatforms) = postSolution
		{7D876551-794C-4588-8734-8873F291EF82}.Debug|Any CPU.ActiveCfg = Debug|Any CPU
		{7D876551-794C-4588-8734-8873F291EF82}.Release|Any CPU.ActiveCfg = Release|Any CPU
		{5292990E-D169-4818-BB08-C26DA4E4DA4F}.Debug|Any CPU.ActiveCfg = Debug|Any CPU
		{5292990E-D169-4818-BB08-C26DA4E4DA4F}.Debug|Any CPU.Build.0 = Debug|Any CPU
		{5292990E-D169-4818-BB08-C26DA4E4DA4F}.Release|Any CPU.ActiveCfg = Release|Any CPU
		{5292990E-D169-4818-BB08-C26DA4E4DA4F}.Release|Any CPU.Build.0 = Release|Any CPU
		{84FA1D18-C089-4D62-B6DB-623F7F60598E}.Debug|Any CPU.ActiveCfg = Debug|Any CPU
		{84FA1D18-C089-4D62-B6DB-623F7F60598E}.Debug|Any CPU.Build.0 = Debug|Any CPU
		{84FA1D18-C089-4D62-B6DB-623F7F60598E}.Release|Any CPU.ActiveCfg = Release|Any CPU
		{84FA1D18-C089-4D62-B6DB-623F7F60598E}.Release|Any CPU.Build.0 = Release|Any CPU
		{11BF60A8-9335-4DD1-BEE6-0A0B68545904}.Debug|Any CPU.ActiveCfg = Debug|Any CPU
		{11BF60A8-9335-4DD1-BEE6-0A0B68545904}.Debug|Any CPU.Build.0 = Debug|Any CPU
		{11BF60A8-9335-4DD1-BEE6-0A0B68545904}.Release|Any CPU.ActiveCfg = Release|Any CPU
		{11BF60A8-9335-4DD1-BEE6-0A0B68545904}.Release|Any CPU.Build.0 = Release|Any CPU
	EndGlobalSection
	GlobalSection(SolutionProperties) = preSolution
		HideSolutionNode = FALSE
	EndGlobalSection
	GlobalSection(ExtensibilityGlobals) = postSolution
		SolutionGuid = {04B1B16A-F1BF-47CF-A912-65D538EB567D}
	EndGlobalSection
EndGlobal
